
Microsoft Visual Studio Solution File, Format Version 12.00
# Visual Studio 2013
VisualStudioVersion = 12.0.30501.0
MinimumVisualStudioVersion = 10.0.40219.1
Project("{FAE04EC0-301F-11D3-BF4B-00C04F79EFBC}") = "GigsXML", "GigsXML\GigsXML.csproj", "{EBD02B38-AFA8-4616-8E9B-ADD271E378DE}"
EndProject
Project("{2150E333-8FDC-42A3-9474-1A3956D46DE8}") = "Solution Items", "Solution Items", "{848355E2-2C2D-4F87-AAB9-D17263DF2E68}"
	ProjectSection(SolutionItems) = preProject
		Gigs.xml = Gigs.xml
	EndProjectSection
EndProject
Global
	GlobalSection(SolutionConfigurationPlatforms) = preSolution
		Debug|Any CPU = Debug|Any CPU
		Release|Any CPU = Release|Any CPU
	EndGlobalSection
	GlobalSection(ProjectConfigurationPlatforms) = postSolution
		{EBD02B38-AFA8-4616-8E9B-ADD271E378DE}.Debug|Any CPU.ActiveCfg = Debug|Any CPU
		{EBD02B38-AFA8-4616-8E9B-ADD271E378DE}.Debug|Any CPU.Build.0 = Debug|Any CPU
		{EBD02B38-AFA8-4616-8E9B-ADD271E378DE}.Release|Any CPU.ActiveCfg = Release|Any CPU
		{EBD02B38-AFA8-4616-8E9B-ADD271E378DE}.Release|Any CPU.Build.0 = Release|Any CPU
	EndGlobalSection
	GlobalSection(SolutionProperties) = preSolution
		HideSolutionNode = FALSE
	EndGlobalSection
EndGlobal
