
Microsoft Visual Studio Solution File, Format Version 12.00
# Visual Studio 2013
VisualStudioVersion = 12.0.40629.0
MinimumVisualStudioVersion = 10.0.40219.1
Project("{FAE04EC0-301F-11D3-BF4B-00C04F79EFBC}") = "TTO", "TTO\TTO.csproj", "{084F7F59-CDE2-4026-A21E-C545D952EA80}"
EndProject
Global
	GlobalSection(SolutionConfigurationPlatforms) = preSolution
		Debug|Any CPU = Debug|Any CPU
		Release|Any CPU = Release|Any CPU
	EndGlobalSection
	GlobalSection(ProjectConfigurationPlatforms) = postSolution
		{084F7F59-CDE2-4026-A21E-C545D952EA80}.Debug|Any CPU.ActiveCfg = Debug|Any CPU
		{084F7F59-CDE2-4026-A21E-C545D952EA80}.Debug|Any CPU.Build.0 = Debug|Any CPU
		{084F7F59-CDE2-4026-A21E-C545D952EA80}.Release|Any CPU.ActiveCfg = Release|Any CPU
		{084F7F59-CDE2-4026-A21E-C545D952EA80}.Release|Any CPU.Build.0 = Release|Any CPU
	EndGlobalSection
	GlobalSection(SolutionProperties) = preSolution
		HideSolutionNode = FALSE
	EndGlobalSection
EndGlobal
